
Microsoft Visual Studio Solution File, Format Version 12.00
# Visual Studio 15
VisualStudioVersion = 15.0.28010.2046
MinimumVisualStudioVersion = 10.0.40219.1
Project("{FAE04EC0-301F-11D3-BF4B-00C04F79EFBC}") = "Lab2.3", "Lab2.3\Lab2.3.csproj", "{EC16814A-F24C-4AA2-A76F-FBFB921BBAF3}"
EndProject
Global
	GlobalSection(SolutionConfigurationPlatforms) = preSolution
		Debug|Any CPU = Debug|Any CPU
		Release|Any CPU = Release|Any CPU
	EndGlobalSection
	GlobalSection(ProjectConfigurationPlatforms) = postSolution
		{EC16814A-F24C-4AA2-A76F-FBFB921BBAF3}.Debug|Any CPU.ActiveCfg = Debug|Any CPU
		{EC16814A-F24C-4AA2-A76F-FBFB921BBAF3}.Debug|Any CPU.Build.0 = Debug|Any CPU
		{EC16814A-F24C-4AA2-A76F-FBFB921BBAF3}.Release|Any CPU.ActiveCfg = Release|Any CPU
		{EC16814A-F24C-4AA2-A76F-FBFB921BBAF3}.Release|Any CPU.Build.0 = Release|Any CPU
	EndGlobalSection
	GlobalSection(SolutionProperties) = preSolution
		HideSolutionNode = FALSE
	EndGlobalSection
	GlobalSection(ExtensibilityGlobals) = postSolution
		SolutionGuid = {82D40D54-83EC-4B0C-8461-F9299B90FF24}
	EndGlobalSection
EndGlobal
